
Microsoft Visual Studio Solution File, Format Version 12.00
# Visual Studio Version 16
VisualStudioVersion = 16.0.30204.135
MinimumVisualStudioVersion = 10.0.40219.1
Project("{2150E333-8FDC-42A3-9474-1A3956D46DE8}") = "2.Models", "2.Models", "{6C057574-1665-4D89-9FC7-55055C560AB8}"
EndProject
Project("{2150E333-8FDC-42A3-9474-1A3956D46DE8}") = "3.Dao", "3.Dao", "{5C583D56-F588-4065-955F-DF0874B0F896}"
EndProject
Project("{2150E333-8FDC-42A3-9474-1A3956D46DE8}") = "4.Services", "4.Services", "{857CC294-F9D0-4997-AFB7-F8290ACB2863}"
EndProject
Project("{2150E333-8FDC-42A3-9474-1A3956D46DE8}") = "1.Common", "1.Common", "{BF2E020A-408C-415B-A933-8AA803E0B98F}"
EndProject
Project("{2150E333-8FDC-42A3-9474-1A3956D46DE8}") = "5.Api", "5.Api", "{25871643-8410-4A9D-82D8-48AC20816F47}"
EndProject
Project("{9A19103F-16F7-4668-BE54-9A1E7A4F7556}") = "Ejemplo-dao-imp", "Ejemplo-dao-imp\Ejemplo-dao-imp.csproj", "{A454B13D-0251-42A8-BFE3-DA7CD1408D06}"
EndProject
Project("{9A19103F-16F7-4668-BE54-9A1E7A4F7556}") = "Ejemplo-model", "Ejemplo-model\Ejemplo-model.csproj", "{01DA08F3-ED3F-4BA9-9E09-977DC011F014}"
EndProject
Project("{9A19103F-16F7-4668-BE54-9A1E7A4F7556}") = "Ejemplo-dao-intf", "Ejemplo-dao-intf\Ejemplo-dao-intf.csproj", "{9698DB3A-F986-4CFE-8A5F-99DDFFB866DB}"
EndProject
Project("{9A19103F-16F7-4668-BE54-9A1E7A4F7556}") = "Ejemplo-service-imp", "Ejemplo-service-imp\Ejemplo-service-imp.csproj", "{EFAF871E-939C-42B9-91B0-B149ADBD23A5}"
EndProject
Project("{9A19103F-16F7-4668-BE54-9A1E7A4F7556}") = "Ejemplo-service-intf", "Ejemplo-service-intf\Ejemplo-service-intf.csproj", "{D3A49904-30B2-42B8-8210-CCFAED30AA06}"
EndProject
Project("{9A19103F-16F7-4668-BE54-9A1E7A4F7556}") = "Ejemplo-common", "Ejemplo-common\Ejemplo-common.csproj", "{C6E350FC-E96A-44C2-B799-0DEB87146473}"
EndProject
Project("{9A19103F-16F7-4668-BE54-9A1E7A4F7556}") = "Ejemplo-backend", "Ejemplo-backend\Ejemplo-backend.csproj", "{D84CE251-A39B-43BC-A100-1D024DD720E4}"
EndProject
Global
	GlobalSection(SolutionConfigurationPlatforms) = preSolution
		Debug|Any CPU = Debug|Any CPU
		Release|Any CPU = Release|Any CPU
	EndGlobalSection
	GlobalSection(ProjectConfigurationPlatforms) = postSolution
		{A454B13D-0251-42A8-BFE3-DA7CD1408D06}.Debug|Any CPU.ActiveCfg = Debug|Any CPU
		{A454B13D-0251-42A8-BFE3-DA7CD1408D06}.Debug|Any CPU.Build.0 = Debug|Any CPU
		{A454B13D-0251-42A8-BFE3-DA7CD1408D06}.Release|Any CPU.ActiveCfg = Release|Any CPU
		{A454B13D-0251-42A8-BFE3-DA7CD1408D06}.Release|Any CPU.Build.0 = Release|Any CPU
		{01DA08F3-ED3F-4BA9-9E09-977DC011F014}.Debug|Any CPU.ActiveCfg = Debug|Any CPU
		{01DA08F3-ED3F-4BA9-9E09-977DC011F014}.Debug|Any CPU.Build.0 = Debug|Any CPU
		{01DA08F3-ED3F-4BA9-9E09-977DC011F014}.Release|Any CPU.ActiveCfg = Release|Any CPU
		{01DA08F3-ED3F-4BA9-9E09-977DC011F014}.Release|Any CPU.Build.0 = Release|Any CPU
		{9698DB3A-F986-4CFE-8A5F-99DDFFB866DB}.Debug|Any CPU.ActiveCfg = Debug|Any CPU
		{9698DB3A-F986-4CFE-8A5F-99DDFFB866DB}.Debug|Any CPU.Build.0 = Debug|Any CPU
		{9698DB3A-F986-4CFE-8A5F-99DDFFB866DB}.Release|Any CPU.ActiveCfg = Release|Any CPU
		{9698DB3A-F986-4CFE-8A5F-99DDFFB866DB}.Release|Any CPU.Build.0 = Release|Any CPU
		{EFAF871E-939C-42B9-91B0-B149ADBD23A5}.Debug|Any CPU.ActiveCfg = Debug|Any CPU
		{EFAF871E-939C-42B9-91B0-B149ADBD23A5}.Debug|Any CPU.Build.0 = Debug|Any CPU
		{EFAF871E-939C-42B9-91B0-B149ADBD23A5}.Release|Any CPU.ActiveCfg = Release|Any CPU
		{EFAF871E-939C-42B9-91B0-B149ADBD23A5}.Release|Any CPU.Build.0 = Release|Any CPU
		{D3A49904-30B2-42B8-8210-CCFAED30AA06}.Debug|Any CPU.ActiveCfg = Debug|Any CPU
		{D3A49904-30B2-42B8-8210-CCFAED30AA06}.Debug|Any CPU.Build.0 = Debug|Any CPU
		{D3A49904-30B2-42B8-8210-CCFAED30AA06}.Release|Any CPU.ActiveCfg = Release|Any CPU
		{D3A49904-30B2-42B8-8210-CCFAED30AA06}.Release|Any CPU.Build.0 = Release|Any CPU
		{C6E350FC-E96A-44C2-B799-0DEB87146473}.Debug|Any CPU.ActiveCfg = Debug|Any CPU
		{C6E350FC-E96A-44C2-B799-0DEB87146473}.Debug|Any CPU.Build.0 = Debug|Any CPU
		{C6E350FC-E96A-44C2-B799-0DEB87146473}.Release|Any CPU.ActiveCfg = Release|Any CPU
		{C6E350FC-E96A-44C2-B799-0DEB87146473}.Release|Any CPU.Build.0 = Release|Any CPU
		{D84CE251-A39B-43BC-A100-1D024DD720E4}.Debug|Any CPU.ActiveCfg = Debug|Any CPU
		{D84CE251-A39B-43BC-A100-1D024DD720E4}.Debug|Any CPU.Build.0 = Debug|Any CPU
		{D84CE251-A39B-43BC-A100-1D024DD720E4}.Release|Any CPU.ActiveCfg = Release|Any CPU
		{D84CE251-A39B-43BC-A100-1D024DD720E4}.Release|Any CPU.Build.0 = Release|Any CPU
	EndGlobalSection
	GlobalSection(SolutionProperties) = preSolution
		HideSolutionNode = FALSE
	EndGlobalSection
	GlobalSection(NestedProjects) = preSolution
		{A454B13D-0251-42A8-BFE3-DA7CD1408D06} = {5C583D56-F588-4065-955F-DF0874B0F896}
		{01DA08F3-ED3F-4BA9-9E09-977DC011F014} = {6C057574-1665-4D89-9FC7-55055C560AB8}
		{9698DB3A-F986-4CFE-8A5F-99DDFFB866DB} = {5C583D56-F588-4065-955F-DF0874B0F896}
		{EFAF871E-939C-42B9-91B0-B149ADBD23A5} = {857CC294-F9D0-4997-AFB7-F8290ACB2863}
		{D3A49904-30B2-42B8-8210-CCFAED30AA06} = {857CC294-F9D0-4997-AFB7-F8290ACB2863}
		{C6E350FC-E96A-44C2-B799-0DEB87146473} = {BF2E020A-408C-415B-A933-8AA803E0B98F}
		{D84CE251-A39B-43BC-A100-1D024DD720E4} = {25871643-8410-4A9D-82D8-48AC20816F47}
	EndGlobalSection
	GlobalSection(ExtensibilityGlobals) = postSolution
		SolutionGuid = {FADDAFE7-1BA0-4FEA-88C6-8CE24787C600}
	EndGlobalSection
EndGlobal
